
Microsoft Visual Studio Solution File, Format Version 12.00
# Visual Studio Version 17
VisualStudioVersion = 17.7.34009.444
MinimumVisualStudioVersion = 10.0.40219.1
Project("{FAE04EC0-301F-11D3-BF4B-00C04F79EFBC}") = "Nhom3", "Nhom3\Nhom3.csproj", "{7190DADD-D2ED-41FE-A604-7F0978F0FABD}"
EndProject
Global
	GlobalSection(SolutionConfigurationPlatforms) = preSolution
		Debug|Any CPU = Debug|Any CPU
		Release|Any CPU = Release|Any CPU
	EndGlobalSection
	GlobalSection(ProjectConfigurationPlatforms) = postSolution
		{7190DADD-D2ED-41FE-A604-7F0978F0FABD}.Debug|Any CPU.ActiveCfg = Debug|Any CPU
		{7190DADD-D2ED-41FE-A604-7F0978F0FABD}.Debug|Any CPU.Build.0 = Debug|Any CPU
		{7190DADD-D2ED-41FE-A604-7F0978F0FABD}.Release|Any CPU.ActiveCfg = Release|Any CPU
		{7190DADD-D2ED-41FE-A604-7F0978F0FABD}.Release|Any CPU.Build.0 = Release|Any CPU
	EndGlobalSection
	GlobalSection(SolutionProperties) = preSolution
		HideSolutionNode = FALSE
	EndGlobalSection
	GlobalSection(ExtensibilityGlobals) = postSolution
		SolutionGuid = {2707C0B0-2760-4484-AEF9-5D1A93A6155C}
	EndGlobalSection
EndGlobal
